{
  "originHash" : "d458a0efea0831b3c24f66a1c7eec94134337c7777fbe6d9cf5f412b5ad0bdab",
  "pins" : [
    {
      "identity" : "ogg-swift",
      "kind" : "remoteSourceControl",
      "location" : "https://github.com/HealsCodes/ogg-swift",
      "state" : {
        "revision" : "b26219bc2229234a07a5e57c3d4fbeb7afbdd98a",
        "version" : "1.3.5"
      }
    },
    {
      "identity" : "opus-swift",
      "kind" : "remoteSourceControl",
      "location" : "https://github.com/ybrid/opus-swift",
      "state" : {
        "revision" : "5ba0e9f103c9dbd75cd30028cf7e20e655bfb94b"
      }
    },
    {
      "identity" : "vorbis-swift",
      "kind" : "remoteSourceControl",
      "location" : "https://github.com/HealsCodes/vorbis-swift.git",
      "state" : {
        "revision" : "a3e2493aa5afb23633f3a7e4e673b503de021b6b",
        "version" : "1.3.7"
      }
    }
  ],
  "version" : 3
}
